
Microsoft Visual Studio Solution File, Format Version 12.00
# Visual Studio Version 16
VisualStudioVersion = 16.0.31205.134
MinimumVisualStudioVersion = 10.0.40219.1
Project("{FAE04EC0-301F-11D3-BF4B-00C04F79EFBC}") = "UnityTest_", "UnityTest_.csproj", "{C3FE193E-00BC-4A81-AEBB-BB438C092810}"
EndProject
Global
	GlobalSection(SolutionConfigurationPlatforms) = preSolution
		Debug|Any CPU = Debug|Any CPU
		Release|Any CPU = Release|Any CPU
	EndGlobalSection
	GlobalSection(ProjectConfigurationPlatforms) = postSolution
		{C3FE193E-00BC-4A81-AEBB-BB438C092810}.Debug|Any CPU.ActiveCfg = Debug|Any CPU
		{C3FE193E-00BC-4A81-AEBB-BB438C092810}.Debug|Any CPU.Build.0 = Debug|Any CPU
		{C3FE193E-00BC-4A81-AEBB-BB438C092810}.Release|Any CPU.ActiveCfg = Release|Any CPU
		{C3FE193E-00BC-4A81-AEBB-BB438C092810}.Release|Any CPU.Build.0 = Release|Any CPU
	EndGlobalSection
	GlobalSection(SolutionProperties) = preSolution
		HideSolutionNode = FALSE
	EndGlobalSection
	GlobalSection(ExtensibilityGlobals) = postSolution
		SolutionGuid = {C0F2531D-3F78-4ABE-99F1-2183F4E1FA58}
	EndGlobalSection
EndGlobal
